
Microsoft Visual Studio Solution File, Format Version 12.00
# Visual Studio Version 16
VisualStudioVersion = 16.0.29613.14
MinimumVisualStudioVersion = 10.0.40219.1
Project("{FAE04EC0-301F-11D3-BF4B-00C04F79EFBC}") = "LeaderboardManager", "LeaderboardManager\LeaderboardManager.csproj", "{BFBCC2EC-D0B4-4BCF-8E44-F776B7BB5C85}"
EndProject
Global
	GlobalSection(SolutionConfigurationPlatforms) = preSolution
		Debug|Any CPU = Debug|Any CPU
		Release|Any CPU = Release|Any CPU
	EndGlobalSection
	GlobalSection(ProjectConfigurationPlatforms) = postSolution
		{BFBCC2EC-D0B4-4BCF-8E44-F776B7BB5C85}.Debug|Any CPU.ActiveCfg = Debug|Any CPU
		{BFBCC2EC-D0B4-4BCF-8E44-F776B7BB5C85}.Debug|Any CPU.Build.0 = Debug|Any CPU
		{BFBCC2EC-D0B4-4BCF-8E44-F776B7BB5C85}.Release|Any CPU.ActiveCfg = Release|Any CPU
		{BFBCC2EC-D0B4-4BCF-8E44-F776B7BB5C85}.Release|Any CPU.Build.0 = Release|Any CPU
	EndGlobalSection
	GlobalSection(SolutionProperties) = preSolution
		HideSolutionNode = FALSE
	EndGlobalSection
	GlobalSection(ExtensibilityGlobals) = postSolution
		SolutionGuid = {711129B6-9F89-429C-8C2E-B68580328CEA}
	EndGlobalSection
EndGlobal
